// !$*UTF8*$!
{
	archiveVersion = 1;
	classes = {
	};
	objectVersion = 47;
	objects = {

/* Begin PBXBuildFile section */
		4A10CFFD1BCF55BE005EB7DD /* libssh_threads.a in Frameworks */ = {isa = PBXBuildFile; fileRef = 4AEF725E19FFE2AE009B0CC7 /* libssh_threads.a */; };
		4A10CFFE1BCF55BE005EB7DD /* libssh.a in Frameworks */ = {isa = PBXBuildFile; fileRef = 4AEF725A19FFE2AE009B0CC7 /* libssh.a */; };
		4A281DC11A4A570D00EA1583 /* SSHKitPrivateKeyParser.h in Headers */ = {isa = PBXBuildFile; fileRef = 4A281DBF1A4A570D00EA1583 /* SSHKitPrivateKeyParser.h */; settings = {ATTRIBUTES = (Public, ); }; };
		4A281DC21A4A570D00EA1583 /* SSHKitPrivateKeyParser.m in Sources */ = {isa = PBXBuildFile; fileRef = 4A281DC01A4A570D00EA1583 /* SSHKitPrivateKeyParser.m */; };
		4A2B5B071A4A6F3C007D20DF /* SSHKitHostKeyParser.h in Headers */ = {isa = PBXBuildFile; fileRef = 4A2B5B051A4A6F3C007D20DF /* SSHKitHostKeyParser.h */; settings = {ATTRIBUTES = (Public, ); }; };
		4A2B5B081A4A6F3C007D20DF /* SSHKitHostKeyParser.m in Sources */ = {isa = PBXBuildFile; fileRef = 4A2B5B061A4A6F3C007D20DF /* SSHKitHostKeyParser.m */; };
		4A2B5B241A4BBE3F007D20DF /* SSHKitCoreCommon.h in Headers */ = {isa = PBXBuildFile; fileRef = 4A2B5B231A4BBE3F007D20DF /* SSHKitCoreCommon.h */; settings = {ATTRIBUTES = (Public, ); }; };
		4A3D1E2B1C603F21009F9760 /* SSHKitChannel.h in Headers */ = {isa = PBXBuildFile; fileRef = 4A3D1E291C603F21009F9760 /* SSHKitChannel.h */; settings = {ATTRIBUTES = (Public, ); }; };
		4A3D1E2C1C603F22009F9760 /* SSHKitChannel.m in Sources */ = {isa = PBXBuildFile; fileRef = 4A3D1E2A1C603F21009F9760 /* SSHKitChannel.m */; };
		4A3D1E2F1C604405009F9760 /* SSHKitDirectChannel.h in Headers */ = {isa = PBXBuildFile; fileRef = 4A3D1E2D1C604405009F9760 /* SSHKitDirectChannel.h */; settings = {ATTRIBUTES = (Public, ); }; };
		4A3D1E301C604405009F9760 /* SSHKitDirectChannel.m in Sources */ = {isa = PBXBuildFile; fileRef = 4A3D1E2E1C604405009F9760 /* SSHKitDirectChannel.m */; };
		4A3D1E331C6044A6009F9760 /* SSHKitForwardChannel.h in Headers */ = {isa = PBXBuildFile; fileRef = 4A3D1E311C6044A6009F9760 /* SSHKitForwardChannel.h */; settings = {ATTRIBUTES = (Public, ); }; };
		4A3D1E341C6044A6009F9760 /* SSHKitForwardChannel.m in Sources */ = {isa = PBXBuildFile; fileRef = 4A3D1E321C6044A6009F9760 /* SSHKitForwardChannel.m */; };
		4A3D1E371C6048CD009F9760 /* SSHKitShellChannel.h in Headers */ = {isa = PBXBuildFile; fileRef = 4A3D1E351C6048CD009F9760 /* SSHKitShellChannel.h */; settings = {ATTRIBUTES = (Public, ); }; };
		4A3D1E381C6048CD009F9760 /* SSHKitShellChannel.m in Sources */ = {isa = PBXBuildFile; fileRef = 4A3D1E361C6048CD009F9760 /* SSHKitShellChannel.m */; };
		4A3D1E431C60934A009F9760 /* SSHKitSession+Channels.h in Headers */ = {isa = PBXBuildFile; fileRef = 4A3D1E411C60934A009F9760 /* SSHKitSession+Channels.h */; settings = {ATTRIBUTES = (Public, ); }; };
		4A3D1E441C60934A009F9760 /* SSHKitSession+Channels.m in Sources */ = {isa = PBXBuildFile; fileRef = 4A3D1E421C60934A009F9760 /* SSHKitSession+Channels.m */; };
		4A49F63B1A491C8400D9BA80 /* CoSocket.h in Headers */ = {isa = PBXBuildFile; fileRef = 4A49F6301A491C8400D9BA80 /* CoSocket.h */; };
		4A49F63C1A491C8400D9BA80 /* CoSocket.m in Sources */ = {isa = PBXBuildFile; fileRef = 4A49F6311A491C8400D9BA80 /* CoSocket.m */; };
		4A49F65A1A491CD100D9BA80 /* SSHKitConnectorHTTPS.m in Sources */ = {isa = PBXBuildFile; fileRef = 4A49F64F1A491CD100D9BA80 /* SSHKitConnectorHTTPS.m */; };
		4A49F65B1A491CD100D9BA80 /* SSHKitConnector+Protected.h in Headers */ = {isa = PBXBuildFile; fileRef = 4A49F6501A491CD100D9BA80 /* SSHKitConnector+Protected.h */; };
		4A49F65E1A491CD100D9BA80 /* SSHKitConnectorSOCKS4.m in Sources */ = {isa = PBXBuildFile; fileRef = 4A49F6531A491CD100D9BA80 /* SSHKitConnectorSOCKS4.m */; };
		4A49F65F1A491CD100D9BA80 /* SSHKitConnectorSOCKS5.m in Sources */ = {isa = PBXBuildFile; fileRef = 4A49F6541A491CD100D9BA80 /* SSHKitConnectorSOCKS5.m */; };
		4A49F6601A491CD100D9BA80 /* CoHTTPMessage.h in Headers */ = {isa = PBXBuildFile; fileRef = 4A49F6561A491CD100D9BA80 /* CoHTTPMessage.h */; settings = {ATTRIBUTES = (Public, ); }; };
		4A49F6611A491CD100D9BA80 /* CoHTTPMessage.m in Sources */ = {isa = PBXBuildFile; fileRef = 4A49F6571A491CD100D9BA80 /* CoHTTPMessage.m */; };
		4A49F6621A491CD100D9BA80 /* CoSOCKSMessage.h in Headers */ = {isa = PBXBuildFile; fileRef = 4A49F6581A491CD100D9BA80 /* CoSOCKSMessage.h */; settings = {ATTRIBUTES = (Public, ); }; };
		4A49F6631A491CD100D9BA80 /* CoSOCKSMessage.m in Sources */ = {isa = PBXBuildFile; fileRef = 4A49F6591A491CD100D9BA80 /* CoSOCKSMessage.m */; };
		4A49F6661A49282600D9BA80 /* SSHKitConnector.h in Headers */ = {isa = PBXBuildFile; fileRef = 4A49F6641A49282600D9BA80 /* SSHKitConnector.h */; };
		4A49F6671A49282600D9BA80 /* SSHKitConnector.m in Sources */ = {isa = PBXBuildFile; fileRef = 4A49F6651A49282600D9BA80 /* SSHKitConnector.m */; };
		4A652E9319AD891400FAEB28 /* Security.framework in Frameworks */ = {isa = PBXBuildFile; fileRef = 4A652E9219AD891400FAEB28 /* Security.framework */; };
		4A759CB11BCEBD3900301730 /* libcrypto.a in Frameworks */ = {isa = PBXBuildFile; fileRef = 4A759CAF1BCEBD3900301730 /* libcrypto.a */; };
		4A759CB21BCEBD3900301730 /* libssl.a in Frameworks */ = {isa = PBXBuildFile; fileRef = 4A759CB01BCEBD3900301730 /* libssl.a */; };
		4A759CB41BCEBD8F00301730 /* libz.tbd in Frameworks */ = {isa = PBXBuildFile; fileRef = 4A759CB31BCEBD8F00301730 /* libz.tbd */; };
		4AD161031B00E087004B5FCE /* SSHKitCoreCommon.m in Sources */ = {isa = PBXBuildFile; fileRef = 4AD161021B00E087004B5FCE /* SSHKitCoreCommon.m */; };
		4AFD803C19FF91D000D9E48B /* SSHKitCore+Protected.h in Headers */ = {isa = PBXBuildFile; fileRef = 4AFD803B19FF91D000D9E48B /* SSHKitCore+Protected.h */; };
		CC2ADE851C57B46C0025CBB7 /* sshd_config in Resources */ = {isa = PBXBuildFile; fileRef = CC2ADE841C57B46C0025CBB7 /* sshd_config */; };
		CC5F9DA71C79FDCD008F0A3A /* SessionTests.swift in Sources */ = {isa = PBXBuildFile; fileRef = CC5F9DA61C79FDCD008F0A3A /* SessionTests.swift */; };
		CC5F9DA91C7A013E008F0A3A /* DirectChannelTests.swift in Sources */ = {isa = PBXBuildFile; fileRef = CC5F9DA81C7A013E008F0A3A /* DirectChannelTests.swift */; };
		CC7763201C5665F700B584F5 /* SSHKitCoreTestsBase.swift in Sources */ = {isa = PBXBuildFile; fileRef = CC77631F1C5665F700B584F5 /* SSHKitCoreTestsBase.swift */; };
		CC7763221C5665F700B584F5 /* SSHKitCore.framework in Frameworks */ = {isa = PBXBuildFile; fileRef = E4E96D84158E10FD002E6E0A /* SSHKitCore.framework */; };
		CC7763321C56704B00B584F5 /* ssh_host_rsa_key in Resources */ = {isa = PBXBuildFile; fileRef = CC7763301C56704B00B584F5 /* ssh_host_rsa_key */; };
		CC7763331C56704B00B584F5 /* ssh_host_rsa_key.pub in Resources */ = {isa = PBXBuildFile; fileRef = CC7763311C56704B00B584F5 /* ssh_host_rsa_key.pub */; };
		CC9D3B591C892D6700DF3C0A /* ShellChannelTests.swift in Sources */ = {isa = PBXBuildFile; fileRef = CC9D3B581C892D6700DF3C0A /* ShellChannelTests.swift */; };
		CCE0E5221C858CC400E81427 /* echo_server.py in Resources */ = {isa = PBXBuildFile; fileRef = CCE0E5211C858CC400E81427 /* echo_server.py */; };
		E42815C21593D95200CF680C /* SSHKitSession.h in Headers */ = {isa = PBXBuildFile; fileRef = E42815C01593D95200CF680C /* SSHKitSession.h */; settings = {ATTRIBUTES = (Public, ); }; };
		E42815C31593D95200CF680C /* SSHKitSession.m in Sources */ = {isa = PBXBuildFile; fileRef = E42815C11593D95200CF680C /* SSHKitSession.m */; };
		E42815FE15962B7600CF680C /* SSHKitCore.h in Headers */ = {isa = PBXBuildFile; fileRef = E4E96D94158E10FD002E6E0A /* SSHKitCore.h */; settings = {ATTRIBUTES = (Public, ); }; };
		E4E96D88158E10FD002E6E0A /* Cocoa.framework in Frameworks */ = {isa = PBXBuildFile; fileRef = E4E96D87158E10FD002E6E0A /* Cocoa.framework */; };
/* End PBXBuildFile section */

/* Begin PBXContainerItemProxy section */
		4A10CFEF1BCF55AD005EB7DD /* PBXContainerItemProxy */ = {
			isa = PBXContainerItemProxy;
			containerPortal = 4AEF724019FFE2AC009B0CC7 /* libssh.xcodeproj */;
			proxyType = 1;
			remoteGlobalIDString = 3AC875A698B345EA94BE14B3;
			remoteInfo = ssh_static;
		};
		4A10CFF11BCF55AD005EB7DD /* PBXContainerItemProxy */ = {
			isa = PBXContainerItemProxy;
			containerPortal = 4AEF724019FFE2AC009B0CC7 /* libssh.xcodeproj */;
			proxyType = 1;
			remoteGlobalIDString = BCFB18B1D64247E79523C3F4;
			remoteInfo = ssh_threads_static;
		};
		4AEF725719FFE2AE009B0CC7 /* PBXContainerItemProxy */ = {
			isa = PBXContainerItemProxy;
			containerPortal = 4AEF724019FFE2AC009B0CC7 /* libssh.xcodeproj */;
			proxyType = 2;
			remoteGlobalIDString = 468DC6C9DB6D4A2BB6E425BC;
			remoteInfo = ssh_shared;
		};
		4AEF725919FFE2AE009B0CC7 /* PBXContainerItemProxy */ = {
			isa = PBXContainerItemProxy;
			containerPortal = 4AEF724019FFE2AC009B0CC7 /* libssh.xcodeproj */;
			proxyType = 2;
			remoteGlobalIDString = F76B1C7D0CDF4842BAAC789F;
			remoteInfo = ssh_static;
		};
		4AEF725B19FFE2AE009B0CC7 /* PBXContainerItemProxy */ = {
			isa = PBXContainerItemProxy;
			containerPortal = 4AEF724019FFE2AC009B0CC7 /* libssh.xcodeproj */;
			proxyType = 2;
			remoteGlobalIDString = DC618DACC391416D82721A2E;
			remoteInfo = ssh_threads_shared;
		};
		4AEF725D19FFE2AE009B0CC7 /* PBXContainerItemProxy */ = {
			isa = PBXContainerItemProxy;
			containerPortal = 4AEF724019FFE2AC009B0CC7 /* libssh.xcodeproj */;
			proxyType = 2;
			remoteGlobalIDString = 9E33DB2DAFD54972AFEA3D42;
			remoteInfo = ssh_threads_static;
		};
		CC7763231C5665F700B584F5 /* PBXContainerItemProxy */ = {
			isa = PBXContainerItemProxy;
			containerPortal = E4E96D7A158E10FD002E6E0A /* Project object */;
			proxyType = 1;
			remoteGlobalIDString = E4E96D83158E10FD002E6E0A;
			remoteInfo = "SSHKitCore-Mac";
		};
/* End PBXContainerItemProxy section */

/* Begin PBXCopyFilesBuildPhase section */
		E4D99A9915DE141B00EB5615 /* Copy Files */ = {
			isa = PBXCopyFilesBuildPhase;
			buildActionMask = 2147483647;
			dstPath = "";
			dstSubfolderSpec = 6;
			files = (
			);
			name = "Copy Files";
			runOnlyForDeploymentPostprocessing = 0;
		};
/* End PBXCopyFilesBuildPhase section */

/* Begin PBXFileReference section */
		4A281DBF1A4A570D00EA1583 /* SSHKitPrivateKeyParser.h */ = {isa = PBXFileReference; fileEncoding = 4; lastKnownFileType = sourcecode.c.h; path = SSHKitPrivateKeyParser.h; sourceTree = "<group>"; };
		4A281DC01A4A570D00EA1583 /* SSHKitPrivateKeyParser.m */ = {isa = PBXFileReference; fileEncoding = 4; lastKnownFileType = sourcecode.c.objc; path = SSHKitPrivateKeyParser.m; sourceTree = "<group>"; };
		4A2B5B051A4A6F3C007D20DF /* SSHKitHostKeyParser.h */ = {isa = PBXFileReference; fileEncoding = 4; lastKnownFileType = sourcecode.c.h; path = SSHKitHostKeyParser.h; sourceTree = "<group>"; };
		4A2B5B061A4A6F3C007D20DF /* SSHKitHostKeyParser.m */ = {isa = PBXFileReference; fileEncoding = 4; lastKnownFileType = sourcecode.c.objc; path = SSHKitHostKeyParser.m; sourceTree = "<group>"; };
		4A2B5B231A4BBE3F007D20DF /* SSHKitCoreCommon.h */ = {isa = PBXFileReference; fileEncoding = 4; lastKnownFileType = sourcecode.c.h; path = SSHKitCoreCommon.h; sourceTree = "<group>"; };
		4A3D1E291C603F21009F9760 /* SSHKitChannel.h */ = {isa = PBXFileReference; fileEncoding = 4; lastKnownFileType = sourcecode.c.h; path = SSHKitChannel.h; sourceTree = "<group>"; };
		4A3D1E2A1C603F21009F9760 /* SSHKitChannel.m */ = {isa = PBXFileReference; fileEncoding = 4; lastKnownFileType = sourcecode.c.objc; path = SSHKitChannel.m; sourceTree = "<group>"; };
		4A3D1E2D1C604405009F9760 /* SSHKitDirectChannel.h */ = {isa = PBXFileReference; fileEncoding = 4; lastKnownFileType = sourcecode.c.h; path = SSHKitDirectChannel.h; sourceTree = "<group>"; };
		4A3D1E2E1C604405009F9760 /* SSHKitDirectChannel.m */ = {isa = PBXFileReference; fileEncoding = 4; lastKnownFileType = sourcecode.c.objc; path = SSHKitDirectChannel.m; sourceTree = "<group>"; };
		4A3D1E311C6044A6009F9760 /* SSHKitForwardChannel.h */ = {isa = PBXFileReference; fileEncoding = 4; lastKnownFileType = sourcecode.c.h; path = SSHKitForwardChannel.h; sourceTree = "<group>"; };
		4A3D1E321C6044A6009F9760 /* SSHKitForwardChannel.m */ = {isa = PBXFileReference; fileEncoding = 4; lastKnownFileType = sourcecode.c.objc; path = SSHKitForwardChannel.m; sourceTree = "<group>"; };
		4A3D1E351C6048CD009F9760 /* SSHKitShellChannel.h */ = {isa = PBXFileReference; fileEncoding = 4; lastKnownFileType = sourcecode.c.h; path = SSHKitShellChannel.h; sourceTree = "<group>"; };
		4A3D1E361C6048CD009F9760 /* SSHKitShellChannel.m */ = {isa = PBXFileReference; fileEncoding = 4; lastKnownFileType = sourcecode.c.objc; path = SSHKitShellChannel.m; sourceTree = "<group>"; };
		4A3D1E411C60934A009F9760 /* SSHKitSession+Channels.h */ = {isa = PBXFileReference; fileEncoding = 4; lastKnownFileType = sourcecode.c.h; path = "SSHKitSession+Channels.h"; sourceTree = "<group>"; };
		4A3D1E421C60934A009F9760 /* SSHKitSession+Channels.m */ = {isa = PBXFileReference; fileEncoding = 4; lastKnownFileType = sourcecode.c.objc; path = "SSHKitSession+Channels.m"; sourceTree = "<group>"; };
		4A49F6301A491C8400D9BA80 /* CoSocket.h */ = {isa = PBXFileReference; fileEncoding = 4; lastKnownFileType = sourcecode.c.h; path = CoSocket.h; sourceTree = "<group>"; };
		4A49F6311A491C8400D9BA80 /* CoSocket.m */ = {isa = PBXFileReference; fileEncoding = 4; lastKnownFileType = sourcecode.c.objc; path = CoSocket.m; sourceTree = "<group>"; };
		4A49F64F1A491CD100D9BA80 /* SSHKitConnectorHTTPS.m */ = {isa = PBXFileReference; fileEncoding = 4; lastKnownFileType = sourcecode.c.objc; path = SSHKitConnectorHTTPS.m; sourceTree = "<group>"; };
		4A49F6501A491CD100D9BA80 /* SSHKitConnector+Protected.h */ = {isa = PBXFileReference; fileEncoding = 4; lastKnownFileType = sourcecode.c.h; path = "SSHKitConnector+Protected.h"; sourceTree = "<group>"; };
		4A49F6531A491CD100D9BA80 /* SSHKitConnectorSOCKS4.m */ = {isa = PBXFileReference; fileEncoding = 4; lastKnownFileType = sourcecode.c.objc; path = SSHKitConnectorSOCKS4.m; sourceTree = "<group>"; };
		4A49F6541A491CD100D9BA80 /* SSHKitConnectorSOCKS5.m */ = {isa = PBXFileReference; fileEncoding = 4; lastKnownFileType = sourcecode.c.objc; path = SSHKitConnectorSOCKS5.m; sourceTree = "<group>"; };
		4A49F6561A491CD100D9BA80 /* CoHTTPMessage.h */ = {isa = PBXFileReference; fileEncoding = 4; lastKnownFileType = sourcecode.c.h; path = CoHTTPMessage.h; sourceTree = "<group>"; };
		4A49F6571A491CD100D9BA80 /* CoHTTPMessage.m */ = {isa = PBXFileReference; fileEncoding = 4; lastKnownFileType = sourcecode.c.objc; path = CoHTTPMessage.m; sourceTree = "<group>"; };
		4A49F6581A491CD100D9BA80 /* CoSOCKSMessage.h */ = {isa = PBXFileReference; fileEncoding = 4; lastKnownFileType = sourcecode.c.h; path = CoSOCKSMessage.h; sourceTree = "<group>"; };
		4A49F6591A491CD100D9BA80 /* CoSOCKSMessage.m */ = {isa = PBXFileReference; fileEncoding = 4; lastKnownFileType = sourcecode.c.objc; path = CoSOCKSMessage.m; sourceTree = "<group>"; };
		4A49F6641A49282600D9BA80 /* SSHKitConnector.h */ = {isa = PBXFileReference; fileEncoding = 4; lastKnownFileType = sourcecode.c.h; path = SSHKitConnector.h; sourceTree = "<group>"; };
		4A49F6651A49282600D9BA80 /* SSHKitConnector.m */ = {isa = PBXFileReference; fileEncoding = 4; lastKnownFileType = sourcecode.c.objc; path = SSHKitConnector.m; sourceTree = "<group>"; };
		4A652E9219AD891400FAEB28 /* Security.framework */ = {isa = PBXFileReference; lastKnownFileType = wrapper.framework; name = Security.framework; path = System/Library/Frameworks/Security.framework; sourceTree = SDKROOT; };
		4A759CAF1BCEBD3900301730 /* libcrypto.a */ = {isa = PBXFileReference; lastKnownFileType = archive.ar; name = libcrypto.a; path = "openssl/openssl-1.0.2d-osx/lib/libcrypto.a"; sourceTree = SOURCE_ROOT; };
		4A759CB01BCEBD3900301730 /* libssl.a */ = {isa = PBXFileReference; lastKnownFileType = archive.ar; name = libssl.a; path = "openssl/openssl-1.0.2d-osx/lib/libssl.a"; sourceTree = SOURCE_ROOT; };
		4A759CB31BCEBD8F00301730 /* libz.tbd */ = {isa = PBXFileReference; lastKnownFileType = "sourcecode.text-based-dylib-definition"; name = libz.tbd; path = usr/lib/libz.tbd; sourceTree = SDKROOT; };
		4AC052C71B4ACB8F00B555F6 /* README.md */ = {isa = PBXFileReference; fileEncoding = 4; lastKnownFileType = net.daringfireball.markdown; path = README.md; sourceTree = "<group>"; };
		4AD161021B00E087004B5FCE /* SSHKitCoreCommon.m */ = {isa = PBXFileReference; fileEncoding = 4; lastKnownFileType = sourcecode.c.objc; path = SSHKitCoreCommon.m; sourceTree = "<group>"; };
		4AEF724019FFE2AC009B0CC7 /* libssh.xcodeproj */ = {isa = PBXFileReference; lastKnownFileType = "wrapper.pb-project"; name = libssh.xcodeproj; path = libssh/build/libssh.xcodeproj; sourceTree = "<group>"; };
		4AF3D46B1BCF8AA2009970A9 /* Makefile */ = {isa = PBXFileReference; fileEncoding = 4; lastKnownFileType = sourcecode.make; path = Makefile; sourceTree = "<group>"; };
		4AFD803B19FF91D000D9E48B /* SSHKitCore+Protected.h */ = {isa = PBXFileReference; fileEncoding = 4; lastKnownFileType = sourcecode.c.h; path = "SSHKitCore+Protected.h"; sourceTree = "<group>"; };
		CC2ADE841C57B46C0025CBB7 /* sshd_config */ = {isa = PBXFileReference; fileEncoding = 4; lastKnownFileType = text; path = sshd_config; sourceTree = "<group>"; };
		CC5F9DA61C79FDCD008F0A3A /* SessionTests.swift */ = {isa = PBXFileReference; fileEncoding = 4; lastKnownFileType = sourcecode.swift; path = SessionTests.swift; sourceTree = "<group>"; };
		CC5F9DA81C7A013E008F0A3A /* DirectChannelTests.swift */ = {isa = PBXFileReference; fileEncoding = 4; lastKnownFileType = sourcecode.swift; path = DirectChannelTests.swift; sourceTree = "<group>"; };
		CC77631D1C5665F700B584F5 /* SSHKitCoreTests.xctest */ = {isa = PBXFileReference; explicitFileType = wrapper.cfbundle; includeInIndex = 0; path = SSHKitCoreTests.xctest; sourceTree = BUILT_PRODUCTS_DIR; };
		CC77631F1C5665F700B584F5 /* SSHKitCoreTestsBase.swift */ = {isa = PBXFileReference; lastKnownFileType = sourcecode.swift; path = SSHKitCoreTestsBase.swift; sourceTree = "<group>"; };
		CC7763211C5665F700B584F5 /* Info.plist */ = {isa = PBXFileReference; lastKnownFileType = text.plist.xml; path = Info.plist; sourceTree = "<group>"; };
		CC77632E1C5666D200B584F5 /* Bridging-Header.h */ = {isa = PBXFileReference; lastKnownFileType = sourcecode.c.h; path = "Bridging-Header.h"; sourceTree = "<group>"; };
		CC7763301C56704B00B584F5 /* ssh_host_rsa_key */ = {isa = PBXFileReference; fileEncoding = 4; lastKnownFileType = text; path = ssh_host_rsa_key; sourceTree = "<group>"; };
		CC7763311C56704B00B584F5 /* ssh_host_rsa_key.pub */ = {isa = PBXFileReference; fileEncoding = 4; lastKnownFileType = text; path = ssh_host_rsa_key.pub; sourceTree = "<group>"; };
		CC8EE9981C647813008817A3 /* initTestEnv.sh */ = {isa = PBXFileReference; lastKnownFileType = text.script.sh; path = initTestEnv.sh; sourceTree = "<group>"; };
		CC9D3B581C892D6700DF3C0A /* ShellChannelTests.swift */ = {isa = PBXFileReference; fileEncoding = 4; lastKnownFileType = sourcecode.swift; path = ShellChannelTests.swift; sourceTree = "<group>"; };
		CCB4D4731C7595D900B9A925 /* README.MD */ = {isa = PBXFileReference; fileEncoding = 4; lastKnownFileType = net.daringfireball.markdown; path = README.MD; sourceTree = "<group>"; };
		CCE0E5211C858CC400E81427 /* echo_server.py */ = {isa = PBXFileReference; fileEncoding = 4; lastKnownFileType = text.script.python; path = echo_server.py; sourceTree = "<group>"; };
		E42815C01593D95200CF680C /* SSHKitSession.h */ = {isa = PBXFileReference; fileEncoding = 4; lastKnownFileType = sourcecode.c.h; path = SSHKitSession.h; sourceTree = "<group>"; };
		E42815C11593D95200CF680C /* SSHKitSession.m */ = {isa = PBXFileReference; fileEncoding = 4; lastKnownFileType = sourcecode.c.objc; path = SSHKitSession.m; sourceTree = "<group>"; };
		E4E96D84158E10FD002E6E0A /* SSHKitCore.framework */ = {isa = PBXFileReference; explicitFileType = wrapper.framework; includeInIndex = 0; path = SSHKitCore.framework; sourceTree = BUILT_PRODUCTS_DIR; };
		E4E96D87158E10FD002E6E0A /* Cocoa.framework */ = {isa = PBXFileReference; lastKnownFileType = wrapper.framework; name = Cocoa.framework; path = System/Library/Frameworks/Cocoa.framework; sourceTree = SDKROOT; };
		E4E96D8A158E10FD002E6E0A /* AppKit.framework */ = {isa = PBXFileReference; lastKnownFileType = wrapper.framework; name = AppKit.framework; path = System/Library/Frameworks/AppKit.framework; sourceTree = SDKROOT; };
		E4E96D8B158E10FD002E6E0A /* CoreData.framework */ = {isa = PBXFileReference; lastKnownFileType = wrapper.framework; name = CoreData.framework; path = System/Library/Frameworks/CoreData.framework; sourceTree = SDKROOT; };
		E4E96D8C158E10FD002E6E0A /* Foundation.framework */ = {isa = PBXFileReference; lastKnownFileType = wrapper.framework; name = Foundation.framework; path = System/Library/Frameworks/Foundation.framework; sourceTree = SDKROOT; };
		E4E96D8F158E10FD002E6E0A /* SSHKitCore-Info.plist */ = {isa = PBXFileReference; lastKnownFileType = text.plist.xml; path = "SSHKitCore-Info.plist"; sourceTree = "<group>"; };
		E4E96D94158E10FD002E6E0A /* SSHKitCore.h */ = {isa = PBXFileReference; lastKnownFileType = sourcecode.c.h; path = SSHKitCore.h; sourceTree = "<group>"; };
/* End PBXFileReference section */

/* Begin PBXFrameworksBuildPhase section */
		CC77631A1C5665F700B584F5 /* Frameworks */ = {
			isa = PBXFrameworksBuildPhase;
			buildActionMask = 2147483647;
			files = (
				CC7763221C5665F700B584F5 /* SSHKitCore.framework in Frameworks */,
			);
			runOnlyForDeploymentPostprocessing = 0;
		};
		E4E96D80158E10FD002E6E0A /* Frameworks */ = {
			isa = PBXFrameworksBuildPhase;
			buildActionMask = 2147483647;
			files = (
				4A10CFFD1BCF55BE005EB7DD /* libssh_threads.a in Frameworks */,
				4A10CFFE1BCF55BE005EB7DD /* libssh.a in Frameworks */,
				4A759CB41BCEBD8F00301730 /* libz.tbd in Frameworks */,
				4A759CB11BCEBD3900301730 /* libcrypto.a in Frameworks */,
				4A759CB21BCEBD3900301730 /* libssl.a in Frameworks */,
				4A652E9319AD891400FAEB28 /* Security.framework in Frameworks */,
				E4E96D88158E10FD002E6E0A /* Cocoa.framework in Frameworks */,
			);
			runOnlyForDeploymentPostprocessing = 0;
		};
/* End PBXFrameworksBuildPhase section */

/* Begin PBXGroup section */
		4A281DBE1A4A570D00EA1583 /* Utils */ = {
			isa = PBXGroup;
			children = (
				4A281DBF1A4A570D00EA1583 /* SSHKitPrivateKeyParser.h */,
				4A281DC01A4A570D00EA1583 /* SSHKitPrivateKeyParser.m */,
				4A2B5B051A4A6F3C007D20DF /* SSHKitHostKeyParser.h */,
				4A2B5B061A4A6F3C007D20DF /* SSHKitHostKeyParser.m */,
			);
			path = Utils;
			sourceTree = "<group>";
		};
		4A3D1E281C603F21009F9760 /* Channel */ = {
			isa = PBXGroup;
			children = (
				4A3D1E291C603F21009F9760 /* SSHKitChannel.h */,
				4A3D1E2A1C603F21009F9760 /* SSHKitChannel.m */,
				4A3D1E2D1C604405009F9760 /* SSHKitDirectChannel.h */,
				4A3D1E2E1C604405009F9760 /* SSHKitDirectChannel.m */,
				4A3D1E311C6044A6009F9760 /* SSHKitForwardChannel.h */,
				4A3D1E321C6044A6009F9760 /* SSHKitForwardChannel.m */,
				4A3D1E351C6048CD009F9760 /* SSHKitShellChannel.h */,
				4A3D1E361C6048CD009F9760 /* SSHKitShellChannel.m */,
			);
			path = Channel;
			sourceTree = "<group>";
		};
		4A49F61B1A491C6E00D9BA80 /* Vendor */ = {
			isa = PBXGroup;
			children = (
				4A49F62E1A491C8400D9BA80 /* CoSocket */,
				4AEF724019FFE2AC009B0CC7 /* libssh.xcodeproj */,
			);
			name = Vendor;
			sourceTree = "<group>";
		};
		4A49F62E1A491C8400D9BA80 /* CoSocket */ = {
			isa = PBXGroup;
			children = (
				4A49F6301A491C8400D9BA80 /* CoSocket.h */,
				4A49F6311A491C8400D9BA80 /* CoSocket.m */,
			);
			path = CoSocket;
			sourceTree = "<group>";
		};
		4A49F64E1A491CD100D9BA80 /* Connector */ = {
			isa = PBXGroup;
			children = (
				4A49F6641A49282600D9BA80 /* SSHKitConnector.h */,
				4A49F6651A49282600D9BA80 /* SSHKitConnector.m */,
				4A49F6501A491CD100D9BA80 /* SSHKitConnector+Protected.h */,
				4A49F6531A491CD100D9BA80 /* SSHKitConnectorSOCKS4.m */,
				4A49F6541A491CD100D9BA80 /* SSHKitConnectorSOCKS5.m */,
				4A49F64F1A491CD100D9BA80 /* SSHKitConnectorHTTPS.m */,
			);
			path = Connector;
			sourceTree = "<group>";
		};
		4A49F6551A491CD100D9BA80 /* CoMessage */ = {
			isa = PBXGroup;
			children = (
				4A49F6561A491CD100D9BA80 /* CoHTTPMessage.h */,
				4A49F6571A491CD100D9BA80 /* CoHTTPMessage.m */,
				4A49F6581A491CD100D9BA80 /* CoSOCKSMessage.h */,
				4A49F6591A491CD100D9BA80 /* CoSOCKSMessage.m */,
			);
			path = CoMessage;
			sourceTree = "<group>";
		};
		4AEF724119FFE2AC009B0CC7 /* Products */ = {
			isa = PBXGroup;
			children = (
				4AEF725819FFE2AE009B0CC7 /* libssh.dylib */,
				4AEF725A19FFE2AE009B0CC7 /* libssh.a */,
				4AEF725C19FFE2AE009B0CC7 /* libssh_threads.dylib */,
				4AEF725E19FFE2AE009B0CC7 /* libssh_threads.a */,
			);
			name = Products;
			sourceTree = "<group>";
		};
		CC77631E1C5665F700B584F5 /* SSHKitCoreTests */ = {
			isa = PBXGroup;
			children = (
				CC77632F1C566F0700B584F5 /* ssh */,
				CC7763211C5665F700B584F5 /* Info.plist */,
				CC77632E1C5666D200B584F5 /* Bridging-Header.h */,
				CC8EE9981C647813008817A3 /* initTestEnv.sh */,
				CCB4D4731C7595D900B9A925 /* README.MD */,
				CC77631F1C5665F700B584F5 /* SSHKitCoreTestsBase.swift */,
				CC5F9DA61C79FDCD008F0A3A /* SessionTests.swift */,
				CC5F9DA81C7A013E008F0A3A /* DirectChannelTests.swift */,
				CC9D3B581C892D6700DF3C0A /* ShellChannelTests.swift */,
			);
			path = SSHKitCoreTests;
			sourceTree = "<group>";
		};
		CC77632F1C566F0700B584F5 /* ssh */ = {
			isa = PBXGroup;
			children = (
				CCE0E5211C858CC400E81427 /* echo_server.py */,
				CC7763301C56704B00B584F5 /* ssh_host_rsa_key */,
				CC7763311C56704B00B584F5 /* ssh_host_rsa_key.pub */,
				CC2ADE841C57B46C0025CBB7 /* sshd_config */,
			);
			path = ssh;
			sourceTree = "<group>";
		};
		E4E96D78158E10FD002E6E0A = {
			isa = PBXGroup;
			children = (
				4AC052C71B4ACB8F00B555F6 /* README.md */,
				4AF3D46B1BCF8AA2009970A9 /* Makefile */,
				4A49F61B1A491C6E00D9BA80 /* Vendor */,
				E4E96D8D158E10FD002E6E0A /* SSHKitCore */,
				CC77631E1C5665F700B584F5 /* SSHKitCoreTests */,
				E4E96D86158E10FD002E6E0A /* Frameworks */,
				E4E96D85158E10FD002E6E0A /* Products */,
			);
			sourceTree = "<group>";
		};
		E4E96D85158E10FD002E6E0A /* Products */ = {
			isa = PBXGroup;
			children = (
				E4E96D84158E10FD002E6E0A /* SSHKitCore.framework */,
				CC77631D1C5665F700B584F5 /* SSHKitCoreTests.xctest */,
			);
			name = Products;
			sourceTree = "<group>";
		};
		E4E96D86158E10FD002E6E0A /* Frameworks */ = {
			isa = PBXGroup;
			children = (
				4A759CB31BCEBD8F00301730 /* libz.tbd */,
				4A759CAF1BCEBD3900301730 /* libcrypto.a */,
				4A759CB01BCEBD3900301730 /* libssl.a */,
				4A652E9219AD891400FAEB28 /* Security.framework */,
				E4E96D87158E10FD002E6E0A /* Cocoa.framework */,
				E4E96D89158E10FD002E6E0A /* Other Frameworks */,
			);
			name = Frameworks;
			sourceTree = "<group>";
		};
		E4E96D89158E10FD002E6E0A /* Other Frameworks */ = {
			isa = PBXGroup;
			children = (
				E4E96D8A158E10FD002E6E0A /* AppKit.framework */,
				E4E96D8B158E10FD002E6E0A /* CoreData.framework */,
				E4E96D8C158E10FD002E6E0A /* Foundation.framework */,
			);
			name = "Other Frameworks";
			sourceTree = "<group>";
		};
		E4E96D8D158E10FD002E6E0A /* SSHKitCore */ = {
			isa = PBXGroup;
			children = (
				4A281DBE1A4A570D00EA1583 /* Utils */,
				4A49F64E1A491CD100D9BA80 /* Connector */,
				4A49F6551A491CD100D9BA80 /* CoMessage */,
				E4E96D94158E10FD002E6E0A /* SSHKitCore.h */,
				4A2B5B231A4BBE3F007D20DF /* SSHKitCoreCommon.h */,
				4AD161021B00E087004B5FCE /* SSHKitCoreCommon.m */,
				4AFD803B19FF91D000D9E48B /* SSHKitCore+Protected.h */,
				E42815C01593D95200CF680C /* SSHKitSession.h */,
				E42815C11593D95200CF680C /* SSHKitSession.m */,
				4A3D1E411C60934A009F9760 /* SSHKitSession+Channels.h */,
				4A3D1E421C60934A009F9760 /* SSHKitSession+Channels.m */,
				4A3D1E281C603F21009F9760 /* Channel */,
				E4E96D8E158E10FD002E6E0A /* Supporting Files */,
			);
			path = SSHKitCore;
			sourceTree = "<group>";
		};
		E4E96D8E158E10FD002E6E0A /* Supporting Files */ = {
			isa = PBXGroup;
			children = (
				E4E96D8F158E10FD002E6E0A /* SSHKitCore-Info.plist */,
			);
			name = "Supporting Files";
			sourceTree = "<group>";
		};
/* End PBXGroup section */

/* Begin PBXHeadersBuildPhase section */
		E4E96D81158E10FD002E6E0A /* Headers */ = {
			isa = PBXHeadersBuildPhase;
			buildActionMask = 2147483647;
			files = (
				4A49F6601A491CD100D9BA80 /* CoHTTPMessage.h in Headers */,
				E42815FE15962B7600CF680C /* SSHKitCore.h in Headers */,
				4A49F6621A491CD100D9BA80 /* CoSOCKSMessage.h in Headers */,
				4AFD803C19FF91D000D9E48B /* SSHKitCore+Protected.h in Headers */,
				4A3D1E2B1C603F21009F9760 /* SSHKitChannel.h in Headers */,
				4A3D1E331C6044A6009F9760 /* SSHKitForwardChannel.h in Headers */,
				4A3D1E2F1C604405009F9760 /* SSHKitDirectChannel.h in Headers */,
				4A49F65B1A491CD100D9BA80 /* SSHKitConnector+Protected.h in Headers */,
				E42815C21593D95200CF680C /* SSHKitSession.h in Headers */,
				4A2B5B071A4A6F3C007D20DF /* SSHKitHostKeyParser.h in Headers */,
				4A281DC11A4A570D00EA1583 /* SSHKitPrivateKeyParser.h in Headers */,
				4A2B5B241A4BBE3F007D20DF /* SSHKitCoreCommon.h in Headers */,
				4A49F6661A49282600D9BA80 /* SSHKitConnector.h in Headers */,
				4A49F63B1A491C8400D9BA80 /* CoSocket.h in Headers */,
				4A3D1E431C60934A009F9760 /* SSHKitSession+Channels.h in Headers */,
				4A3D1E371C6048CD009F9760 /* SSHKitShellChannel.h in Headers */,
			);
			runOnlyForDeploymentPostprocessing = 0;
		};
/* End PBXHeadersBuildPhase section */

/* Begin PBXNativeTarget section */
		CC77631C1C5665F700B584F5 /* SSHKitCoreTests */ = {
			isa = PBXNativeTarget;
			buildConfigurationList = CC77632D1C5665F700B584F5 /* Build configuration list for PBXNativeTarget "SSHKitCoreTests" */;
			buildPhases = (
				CC7763191C5665F700B584F5 /* Sources */,
				CC77631A1C5665F700B584F5 /* Frameworks */,
				CC77631B1C5665F700B584F5 /* Resources */,
			);
			buildRules = (
			);
			dependencies = (
				CC7763241C5665F700B584F5 /* PBXTargetDependency */,
			);
			name = SSHKitCoreTests;
			productName = SSHKitCoreTests;
			productReference = CC77631D1C5665F700B584F5 /* SSHKitCoreTests.xctest */;
			productType = "com.apple.product-type.bundle.unit-test";
		};
		E4E96D83158E10FD002E6E0A /* SSHKitCore-Mac */ = {
			isa = PBXNativeTarget;
			buildConfigurationList = E4E96DAE158E10FD002E6E0A /* Build configuration list for PBXNativeTarget "SSHKitCore-Mac" */;
			buildPhases = (
				4A759C991BCE572600301730 /* Build libssh (fix libssh project could realocate build location) */,
				E4E96D7F158E10FD002E6E0A /* Sources */,
				E4E96D80158E10FD002E6E0A /* Frameworks */,
				E4E96D81158E10FD002E6E0A /* Headers */,
				E4E96D82158E10FD002E6E0A /* Resources */,
				E4D99A9915DE141B00EB5615 /* Copy Files */,
			);
			buildRules = (
			);
			dependencies = (
				4A10CFF01BCF55AD005EB7DD /* PBXTargetDependency */,
				4A10CFF21BCF55AD005EB7DD /* PBXTargetDependency */,
			);
			name = "SSHKitCore-Mac";
			productName = NMSSH;
			productReference = E4E96D84158E10FD002E6E0A /* SSHKitCore.framework */;
			productType = "com.apple.product-type.framework";
		};
/* End PBXNativeTarget section */

/* Begin PBXProject section */
		E4E96D7A158E10FD002E6E0A /* Project object */ = {
			isa = PBXProject;
			attributes = {
				LastSwiftUpdateCheck = 0720;
				LastTestingUpgradeCheck = 0510;
				LastUpgradeCheck = 0700;
				TargetAttributes = {
					CC77631C1C5665F700B584F5 = {
						CreatedOnToolsVersion = 7.2;
					};
				};
			};
			buildConfigurationList = E4E96D7D158E10FD002E6E0A /* Build configuration list for PBXProject "SSHKitCore" */;
			compatibilityVersion = "Xcode 6.3";
			developmentRegion = English;
			hasScannedForEncodings = 0;
			knownRegions = (
				en,
			);
			mainGroup = E4E96D78158E10FD002E6E0A;
			productRefGroup = E4E96D85158E10FD002E6E0A /* Products */;
			projectDirPath = "";
			projectReferences = (
				{
					ProductGroup = 4AEF724119FFE2AC009B0CC7 /* Products */;
					ProjectRef = 4AEF724019FFE2AC009B0CC7 /* libssh.xcodeproj */;
				},
			);
			projectRoot = "";
			targets = (
				E4E96D83158E10FD002E6E0A /* SSHKitCore-Mac */,
				CC77631C1C5665F700B584F5 /* SSHKitCoreTests */,
			);
		};
/* End PBXProject section */

/* Begin PBXReferenceProxy section */
		4AEF725819FFE2AE009B0CC7 /* libssh.dylib */ = {
			isa = PBXReferenceProxy;
			fileType = "compiled.mach-o.dylib";
			path = libssh.4.4.0.dylib;
			remoteRef = 4AEF725719FFE2AE009B0CC7 /* PBXContainerItemProxy */;
			sourceTree = BUILT_PRODUCTS_DIR;
		};
		4AEF725A19FFE2AE009B0CC7 /* libssh.a */ = {
			isa = PBXReferenceProxy;
			fileType = archive.ar;
			path = libssh.a;
			remoteRef = 4AEF725919FFE2AE009B0CC7 /* PBXContainerItemProxy */;
			sourceTree = BUILT_PRODUCTS_DIR;
		};
		4AEF725C19FFE2AE009B0CC7 /* libssh_threads.dylib */ = {
			isa = PBXReferenceProxy;
			fileType = "compiled.mach-o.dylib";
			path = libssh_threads.4.4.0.dylib;
			remoteRef = 4AEF725B19FFE2AE009B0CC7 /* PBXContainerItemProxy */;
			sourceTree = BUILT_PRODUCTS_DIR;
		};
		4AEF725E19FFE2AE009B0CC7 /* libssh_threads.a */ = {
			isa = PBXReferenceProxy;
			fileType = archive.ar;
			path = libssh_threads.a;
			remoteRef = 4AEF725D19FFE2AE009B0CC7 /* PBXContainerItemProxy */;
			sourceTree = BUILT_PRODUCTS_DIR;
		};
/* End PBXReferenceProxy section */

/* Begin PBXResourcesBuildPhase section */
		CC77631B1C5665F700B584F5 /* Resources */ = {
			isa = PBXResourcesBuildPhase;
			buildActionMask = 2147483647;
			files = (
				CC7763321C56704B00B584F5 /* ssh_host_rsa_key in Resources */,
				CC2ADE851C57B46C0025CBB7 /* sshd_config in Resources */,
				CCE0E5221C858CC400E81427 /* echo_server.py in Resources */,
				CC7763331C56704B00B584F5 /* ssh_host_rsa_key.pub in Resources */,
			);
			runOnlyForDeploymentPostprocessing = 0;
		};
		E4E96D82158E10FD002E6E0A /* Resources */ = {
			isa = PBXResourcesBuildPhase;
			buildActionMask = 2147483647;
			files = (
			);
			runOnlyForDeploymentPostprocessing = 0;
		};
/* End PBXResourcesBuildPhase section */

/* Begin PBXShellScriptBuildPhase section */
		4A759C991BCE572600301730 /* Build libssh (fix libssh project could realocate build location) */ = {
			isa = PBXShellScriptBuildPhase;
			buildActionMask = 2147483647;
			files = (
			);
			inputPaths = (
			);
			name = "Build libssh (fix libssh project could realocate build location)";
			outputPaths = (
			);
			runOnlyForDeploymentPostprocessing = 0;
			shellPath = /bin/sh;
			shellScript = "cd ${SRCROOT}\nmake CONFIG=${CONFIGURATION} build\n";
			showEnvVarsInLog = 0;
		};
/* End PBXShellScriptBuildPhase section */

/* Begin PBXSourcesBuildPhase section */
		CC7763191C5665F700B584F5 /* Sources */ = {
			isa = PBXSourcesBuildPhase;
			buildActionMask = 2147483647;
			files = (
				CC5F9DA71C79FDCD008F0A3A /* SessionTests.swift in Sources */,
				CC5F9DA91C7A013E008F0A3A /* DirectChannelTests.swift in Sources */,
				CC7763201C5665F700B584F5 /* SSHKitCoreTestsBase.swift in Sources */,
				CC9D3B591C892D6700DF3C0A /* ShellChannelTests.swift in Sources */,
			);
			runOnlyForDeploymentPostprocessing = 0;
		};
		E4E96D7F158E10FD002E6E0A /* Sources */ = {
			isa = PBXSourcesBuildPhase;
			buildActionMask = 2147483647;
			files = (
				4A49F63C1A491C8400D9BA80 /* CoSocket.m in Sources */,
				4A3D1E2C1C603F22009F9760 /* SSHKitChannel.m in Sources */,
				4A2B5B081A4A6F3C007D20DF /* SSHKitHostKeyParser.m in Sources */,
				4A3D1E441C60934A009F9760 /* SSHKitSession+Channels.m in Sources */,
				4A49F6631A491CD100D9BA80 /* CoSOCKSMessage.m in Sources */,
				4A3D1E301C604405009F9760 /* SSHKitDirectChannel.m in Sources */,
				4A49F6671A49282600D9BA80 /* SSHKitConnector.m in Sources */,
				4A49F65F1A491CD100D9BA80 /* SSHKitConnectorSOCKS5.m in Sources */,
				4A49F65A1A491CD100D9BA80 /* SSHKitConnectorHTTPS.m in Sources */,
				4A3D1E341C6044A6009F9760 /* SSHKitForwardChannel.m in Sources */,
				4A3D1E381C6048CD009F9760 /* SSHKitShellChannel.m in Sources */,
				4AD161031B00E087004B5FCE /* SSHKitCoreCommon.m in Sources */,
				4A281DC21A4A570D00EA1583 /* SSHKitPrivateKeyParser.m in Sources */,
				4A49F6611A491CD100D9BA80 /* CoHTTPMessage.m in Sources */,
				E42815C31593D95200CF680C /* SSHKitSession.m in Sources */,
				4A49F65E1A491CD100D9BA80 /* SSHKitConnectorSOCKS4.m in Sources */,
			);
			runOnlyForDeploymentPostprocessing = 0;
		};
/* End PBXSourcesBuildPhase section */

/* Begin PBXTargetDependency section */
		4A10CFF01BCF55AD005EB7DD /* PBXTargetDependency */ = {
			isa = PBXTargetDependency;
			name = ssh_static;
			targetProxy = 4A10CFEF1BCF55AD005EB7DD /* PBXContainerItemProxy */;
		};
		4A10CFF21BCF55AD005EB7DD /* PBXTargetDependency */ = {
			isa = PBXTargetDependency;
			name = ssh_threads_static;
			targetProxy = 4A10CFF11BCF55AD005EB7DD /* PBXContainerItemProxy */;
		};
		CC7763241C5665F700B584F5 /* PBXTargetDependency */ = {
			isa = PBXTargetDependency;
			target = E4E96D83158E10FD002E6E0A /* SSHKitCore-Mac */;
			targetProxy = CC7763231C5665F700B584F5 /* PBXContainerItemProxy */;
		};
/* End PBXTargetDependency section */

/* Begin XCBuildConfiguration section */
		CC7763251C5665F700B584F5 /* Debug */ = {
			isa = XCBuildConfiguration;
			buildSettings = {
				ALWAYS_SEARCH_USER_PATHS = NO;
				CLANG_CXX_LANGUAGE_STANDARD = "gnu++0x";
				CLANG_CXX_LIBRARY = "libc++";
				CODE_SIGN_IDENTITY = "-";
				COMBINE_HIDPI_IMAGES = YES;
				COPY_PHASE_STRIP = NO;
				INFOPLIST_FILE = SSHKitCoreTests/Info.plist;
				LD_RUNPATH_SEARCH_PATHS = "$(inherited) @executable_path/../Frameworks @loader_path/../Frameworks";
				MACOSX_DEPLOYMENT_TARGET = 10.11;
				MTL_ENABLE_DEBUG_INFO = YES;
				PRODUCT_BUNDLE_IDENTIFIER = com.codinnstudio.SSHKitCoreTests;
				PRODUCT_NAME = "$(TARGET_NAME)";
				SWIFT_OBJC_BRIDGING_HEADER = "SSHKitCoreTests/Bridging-Header.h";
				SWIFT_OPTIMIZATION_LEVEL = "-Onone";
			};
			name = Debug;
		};
		CC7763261C5665F700B584F5 /* Release */ = {
			isa = XCBuildConfiguration;
			buildSettings = {
				ALWAYS_SEARCH_USER_PATHS = NO;
				CLANG_CXX_LANGUAGE_STANDARD = "gnu++0x";
				CLANG_CXX_LIBRARY = "libc++";
				CODE_SIGN_IDENTITY = "-";
				COMBINE_HIDPI_IMAGES = YES;
				COPY_PHASE_STRIP = NO;
				INFOPLIST_FILE = SSHKitCoreTests/Info.plist;
				LD_RUNPATH_SEARCH_PATHS = "$(inherited) @executable_path/../Frameworks @loader_path/../Frameworks";
				MACOSX_DEPLOYMENT_TARGET = 10.11;
				MTL_ENABLE_DEBUG_INFO = NO;
				PRODUCT_BUNDLE_IDENTIFIER = com.codinnstudio.SSHKitCoreTests;
				PRODUCT_NAME = "$(TARGET_NAME)";
				SWIFT_OBJC_BRIDGING_HEADER = "SSHKitCoreTests/Bridging-Header.h";
			};
			name = Release;
		};
		E4E96DAC158E10FD002E6E0A /* Debug */ = {
			isa = XCBuildConfiguration;
			buildSettings = {
				CLANG_ENABLE_MODULES = YES;
				CLANG_ENABLE_OBJC_ARC = YES;
				CLANG_WARN_BOOL_CONVERSION = YES;
				CLANG_WARN_CONSTANT_CONVERSION = YES;
				CLANG_WARN_DIRECT_OBJC_ISA_USAGE = YES_ERROR;
				CLANG_WARN_EMPTY_BODY = YES;
				CLANG_WARN_ENUM_CONVERSION = YES;
				CLANG_WARN_INT_CONVERSION = YES;
				CLANG_WARN_OBJC_ROOT_CLASS = YES_ERROR;
				CLANG_WARN_UNREACHABLE_CODE = YES;
				CLANG_WARN__DUPLICATE_METHOD_MATCH = YES;
				DEBUG_INFORMATION_FORMAT = dwarf;
				ENABLE_STRICT_OBJC_MSGSEND = YES;
				ENABLE_TESTABILITY = YES;
				GCC_C_LANGUAGE_STANDARD = gnu99;
				GCC_DYNAMIC_NO_PIC = NO;
				GCC_NO_COMMON_BLOCKS = YES;
				GCC_OPTIMIZATION_LEVEL = 0;
				GCC_PREPROCESSOR_DEFINITIONS = (
					"DEBUG=1",
					"$(inherited)",
				);
				GCC_SYMBOLS_PRIVATE_EXTERN = NO;
				GCC_WARN_64_TO_32_BIT_CONVERSION = YES;
				GCC_WARN_ABOUT_RETURN_TYPE = YES_ERROR;
				GCC_WARN_UNDECLARED_SELECTOR = YES;
				GCC_WARN_UNINITIALIZED_AUTOS = YES_AGGRESSIVE;
				GCC_WARN_UNUSED_FUNCTION = YES;
				GCC_WARN_UNUSED_VARIABLE = YES;
				HEADER_SEARCH_PATHS = (
					"$(inherited)",
					/Applications/Xcode.app/Contents/Developer/Toolchains/XcodeDefault.xctoolchain/usr/include,
					"$(SRCROOT)/libssh/build/dist/include",
				);
				MACOSX_DEPLOYMENT_TARGET = 10.9;
				ONLY_ACTIVE_ARCH = YES;
				SDKROOT = macosx;
				SKIP_INSTALL = YES;
			};
			name = Debug;
		};
		E4E96DAD158E10FD002E6E0A /* Release */ = {
			isa = XCBuildConfiguration;
			buildSettings = {
				CLANG_ENABLE_MODULES = YES;
				CLANG_ENABLE_OBJC_ARC = YES;
				CLANG_WARN_BOOL_CONVERSION = YES;
				CLANG_WARN_CONSTANT_CONVERSION = YES;
				CLANG_WARN_DIRECT_OBJC_ISA_USAGE = YES_ERROR;
				CLANG_WARN_EMPTY_BODY = YES;
				CLANG_WARN_ENUM_CONVERSION = YES;
				CLANG_WARN_INT_CONVERSION = YES;
				CLANG_WARN_OBJC_ROOT_CLASS = YES_ERROR;
				CLANG_WARN_UNREACHABLE_CODE = YES;
				CLANG_WARN__DUPLICATE_METHOD_MATCH = YES;
				DEBUG_INFORMATION_FORMAT = "dwarf-with-dsym";
				ENABLE_NS_ASSERTIONS = NO;
				ENABLE_STRICT_OBJC_MSGSEND = YES;
				GCC_C_LANGUAGE_STANDARD = gnu99;
				GCC_NO_COMMON_BLOCKS = YES;
				GCC_WARN_64_TO_32_BIT_CONVERSION = YES;
				GCC_WARN_ABOUT_RETURN_TYPE = YES_ERROR;
				GCC_WARN_UNDECLARED_SELECTOR = YES;
				GCC_WARN_UNINITIALIZED_AUTOS = YES_AGGRESSIVE;
				GCC_WARN_UNUSED_FUNCTION = YES;
				GCC_WARN_UNUSED_VARIABLE = YES;
				HEADER_SEARCH_PATHS = (
					"$(inherited)",
					/Applications/Xcode.app/Contents/Developer/Toolchains/XcodeDefault.xctoolchain/usr/include,
					"$(SRCROOT)/libssh/build/dist/include",
				);
				MACOSX_DEPLOYMENT_TARGET = 10.9;
				ONLY_ACTIVE_ARCH = NO;
				SDKROOT = macosx;
				SKIP_INSTALL = YES;
			};
			name = Release;
		};
		E4E96DAF158E10FD002E6E0A /* Debug */ = {
			isa = XCBuildConfiguration;
			buildSettings = {
				CLANG_WARN_OBJC_IMPLICIT_RETAIN_SELF = YES;
				COMBINE_HIDPI_IMAGES = YES;
				CURRENT_PROJECT_VERSION = 1;
				DEFINES_MODULE = YES;
				DYLIB_COMPATIBILITY_VERSION = 1;
				DYLIB_CURRENT_VERSION = 1;
				FRAMEWORK_VERSION = A;
				INFOPLIST_FILE = "SSHKitCore/SSHKitCore-Info.plist";
				INSTALL_PATH = "@executable_path/../Frameworks";
				LIBRARY_SEARCH_PATHS = "$(PROJECT_DIR)/openssl/openssl-1.0.2d-osx/lib";
				PRODUCT_BUNDLE_IDENTIFIER = "com.codinn.$(PRODUCT_NAME:rfc1034identifier)";
				PRODUCT_NAME = SSHKitCore;
				VERSIONING_SYSTEM = "apple-generic";
				WRAPPER_EXTENSION = framework;
			};
			name = Debug;
		};
		E4E96DB0158E10FD002E6E0A /* Release */ = {
			isa = XCBuildConfiguration;
			buildSettings = {
				CLANG_WARN_OBJC_IMPLICIT_RETAIN_SELF = YES;
				COMBINE_HIDPI_IMAGES = YES;
				CURRENT_PROJECT_VERSION = 1;
				DEFINES_MODULE = YES;
				DYLIB_COMPATIBILITY_VERSION = 1;
				DYLIB_CURRENT_VERSION = 1;
				FRAMEWORK_VERSION = A;
				INFOPLIST_FILE = "SSHKitCore/SSHKitCore-Info.plist";
				INSTALL_PATH = "@executable_path/../Frameworks";
				LIBRARY_SEARCH_PATHS = "$(PROJECT_DIR)/openssl/openssl-1.0.2d-osx/lib";
				PRODUCT_BUNDLE_IDENTIFIER = "com.codinn.$(PRODUCT_NAME:rfc1034identifier)";
				PRODUCT_NAME = SSHKitCore;
				VERSIONING_SYSTEM = "apple-generic";
				WRAPPER_EXTENSION = framework;
			};
			name = Release;
		};
/* End XCBuildConfiguration section */

/* Begin XCConfigurationList section */
		CC77632D1C5665F700B584F5 /* Build configuration list for PBXNativeTarget "SSHKitCoreTests" */ = {
			isa = XCConfigurationList;
			buildConfigurations = (
				CC7763251C5665F700B584F5 /* Debug */,
				CC7763261C5665F700B584F5 /* Release */,
			);
			defaultConfigurationIsVisible = 0;
			defaultConfigurationName = Release;
		};
		E4E96D7D158E10FD002E6E0A /* Build configuration list for PBXProject "SSHKitCore" */ = {
			isa = XCConfigurationList;
			buildConfigurations = (
				E4E96DAC158E10FD002E6E0A /* Debug */,
				E4E96DAD158E10FD002E6E0A /* Release */,
			);
			defaultConfigurationIsVisible = 0;
			defaultConfigurationName = Release;
		};
		E4E96DAE158E10FD002E6E0A /* Build configuration list for PBXNativeTarget "SSHKitCore-Mac" */ = {
			isa = XCConfigurationList;
			buildConfigurations = (
				E4E96DAF158E10FD002E6E0A /* Debug */,
				E4E96DB0158E10FD002E6E0A /* Release */,
			);
			defaultConfigurationIsVisible = 0;
			defaultConfigurationName = Release;
		};
/* End XCConfigurationList section */
	};
	rootObject = E4E96D7A158E10FD002E6E0A /* Project object */;
}
